
Microsoft Visual Studio Solution File, Format Version 12.00
# Visual Studio Version 16
VisualStudioVersion = 16.0.30907.101
MinimumVisualStudioVersion = 10.0.40219.1
Project("{8BC9CEB8-8B4A-11D0-8D11-00A0C91BC942}") = "ConsoleApplication2", "ConsoleApplication2.vcxproj", "{E2DF596D-168B-4F69-BE47-8E3AE7CDA63B}"
EndProject
Global
	GlobalSection(SolutionConfigurationPlatforms) = preSolution
		Debug|x64 = Debug|x64
		Debug|x86 = Debug|x86
		Release|x64 = Release|x64
		Release|x86 = Release|x86
	EndGlobalSection
	GlobalSection(ProjectConfigurationPlatforms) = postSolution
		{E2DF596D-168B-4F69-BE47-8E3AE7CDA63B}.Debug|x64.ActiveCfg = Debug|x64
		{E2DF596D-168B-4F69-BE47-8E3AE7CDA63B}.Debug|x64.Build.0 = Debug|x64
		{E2DF596D-168B-4F69-BE47-8E3AE7CDA63B}.Debug|x86.ActiveCfg = Debug|Win32
		{E2DF596D-168B-4F69-BE47-8E3AE7CDA63B}.Debug|x86.Build.0 = Debug|Win32
		{E2DF596D-168B-4F69-BE47-8E3AE7CDA63B}.Release|x64.ActiveCfg = Release|x64
		{E2DF596D-168B-4F69-BE47-8E3AE7CDA63B}.Release|x64.Build.0 = Release|x64
		{E2DF596D-168B-4F69-BE47-8E3AE7CDA63B}.Release|x86.ActiveCfg = Release|Win32
		{E2DF596D-168B-4F69-BE47-8E3AE7CDA63B}.Release|x86.Build.0 = Release|Win32
	EndGlobalSection
	GlobalSection(SolutionProperties) = preSolution
		HideSolutionNode = FALSE
	EndGlobalSection
	GlobalSection(ExtensibilityGlobals) = postSolution
		SolutionGuid = {2F86D7AF-DC5D-4909-B3DE-D995B3A797A3}
	EndGlobalSection
EndGlobal
